// !$*UTF8*$!
{
	archiveVersion = 1;
	classes = {
	};
	objectVersion = 46;
	objects = {

/* Begin PBXBuildFile section */
		2C27ECEF1EC1DEF900A9E677 /* WrldWidgets.framework in Frameworks */ = {isa = PBXBuildFile; fileRef = 2CB2C53E1EC1D76400C0B401 /* WrldWidgets.framework */; };
		2C27ECF01EC1DEF900A9E677 /* WrldWidgets.framework in Embed Frameworks */ = {isa = PBXBuildFile; fileRef = 2CB2C53E1EC1D76400C0B401 /* WrldWidgets.framework */; settings = {ATTRIBUTES = (CodeSignOnCopy, RemoveHeadersOnCopy, ); }; };
		2C27ECF61EC1FE9400A9E677 /* WRLDIndoorMap+Private.h in Headers */ = {isa = PBXBuildFile; fileRef = 2C27ECF51EC1FE9400A9E677 /* WRLDIndoorMap+Private.h */; };
		2C32D20B1EBB42AD00FC1B12 /* DebugIndoorControl.m in Sources */ = {isa = PBXBuildFile; fileRef = 2C32D1E51EBB42AD00FC1B12 /* DebugIndoorControl.m */; };
		2C3401061EC0CED800F8CEF0 /* WRLDIndoorMapDelegate.h in Headers */ = {isa = PBXBuildFile; fileRef = 2C3401051EC0CED300F8CEF0 /* WRLDIndoorMapDelegate.h */; settings = {ATTRIBUTES = (Public, ); }; };
		2CB2C5421EC1D76400C0B401 /* WrldWidgets.h in Headers */ = {isa = PBXBuildFile; fileRef = 2CB2C5401EC1D76400C0B401 /* WrldWidgets.h */; settings = {ATTRIBUTES = (Public, ); }; };
		2CB2C5461EC1D7A100C0B401 /* Wrld.framework in Frameworks */ = {isa = PBXBuildFile; fileRef = E0310FFC1EB0E08B00002E88 /* Wrld.framework */; };
		2CB2C5A71EC1D93F00C0B401 /* ImageHelpers.h in Headers */ = {isa = PBXBuildFile; fileRef = 2CB2C5811EC1D93F00C0B401 /* ImageHelpers.h */; };
		2CB2C5A81EC1D93F00C0B401 /* ImageHelpers.mm in Sources */ = {isa = PBXBuildFile; fileRef = 2CB2C5821EC1D93F00C0B401 /* ImageHelpers.mm */; };
		2CB2C5A91EC1D93F00C0B401 /* ImmediatePanGestureRecognizer.h in Headers */ = {isa = PBXBuildFile; fileRef = 2CB2C5831EC1D93F00C0B401 /* ImmediatePanGestureRecognizer.h */; };
		2CB2C5AA1EC1D93F00C0B401 /* ImmediatePanGestureRecognizer.mm in Sources */ = {isa = PBXBuildFile; fileRef = 2CB2C5841EC1D93F00C0B401 /* ImmediatePanGestureRecognizer.mm */; };
		2CB2C5AB1EC1D93F00C0B401 /* IndoorControl.h in Headers */ = {isa = PBXBuildFile; fileRef = 2CB2C5851EC1D93F00C0B401 /* IndoorControl.h */; };
		2CB2C5AC1EC1D93F00C0B401 /* IndoorControl.mm in Sources */ = {isa = PBXBuildFile; fileRef = 2CB2C5861EC1D93F00C0B401 /* IndoorControl.mm */; };
		2CB2C5AD1EC1D93F00C0B401 /* IndoorControlDelegate.h in Headers */ = {isa = PBXBuildFile; fileRef = 2CB2C5871EC1D93F00C0B401 /* IndoorControlDelegate.h */; };
		2CB2C5AE1EC1D93F00C0B401 /* InteriorsExplorerFloorItemView.h in Headers */ = {isa = PBXBuildFile; fileRef = 2CB2C5881EC1D93F00C0B401 /* InteriorsExplorerFloorItemView.h */; };
		2CB2C5AF1EC1D93F00C0B401 /* InteriorsExplorerFloorItemView.mm in Sources */ = {isa = PBXBuildFile; fileRef = 2CB2C5891EC1D93F00C0B401 /* InteriorsExplorerFloorItemView.mm */; };
		2CB2C5B01EC1D93F00C0B401 /* UIButton+DefaultStates.h in Headers */ = {isa = PBXBuildFile; fileRef = 2CB2C58A1EC1D93F00C0B401 /* UIButton+DefaultStates.h */; };
		2CB2C5B11EC1D93F00C0B401 /* UIButton+DefaultStates.mm in Sources */ = {isa = PBXBuildFile; fileRef = 2CB2C58B1EC1D93F00C0B401 /* UIButton+DefaultStates.mm */; };
		2CB2C5B21EC1D93F00C0B401 /* UIColors.h in Headers */ = {isa = PBXBuildFile; fileRef = 2CB2C58C1EC1D93F00C0B401 /* UIColors.h */; };
		2CB2C5B31EC1D93F00C0B401 /* UIColors.mm in Sources */ = {isa = PBXBuildFile; fileRef = 2CB2C58D1EC1D93F00C0B401 /* UIColors.mm */; };
		2CB2C5B41EC1D93F00C0B401 /* UIHelpers.h in Headers */ = {isa = PBXBuildFile; fileRef = 2CB2C58E1EC1D93F00C0B401 /* UIHelpers.h */; };
		2CB2C5B51EC1D93F00C0B401 /* UIHelpers.mm in Sources */ = {isa = PBXBuildFile; fileRef = 2CB2C58F1EC1D93F00C0B401 /* UIHelpers.mm */; };
		2CB2C5B61EC1D93F00C0B401 /* UIView+TouchExclusivity.h in Headers */ = {isa = PBXBuildFile; fileRef = 2CB2C5901EC1D93F00C0B401 /* UIView+TouchExclusivity.h */; };
		2CB2C5B71EC1D93F00C0B401 /* UIView+TouchExclusivity.m in Sources */ = {isa = PBXBuildFile; fileRef = 2CB2C5911EC1D93F00C0B401 /* UIView+TouchExclusivity.m */; };
		2CB2C5B81EC1D93F00C0B401 /* WRLDIndoorControlView.h in Headers */ = {isa = PBXBuildFile; fileRef = 2CB2C5931EC1D93F00C0B401 /* WRLDIndoorControlView.h */; settings = {ATTRIBUTES = (Public, ); }; };
		2CB2C5B91EC1D93F00C0B401 /* WRLDIndoorControlView.m in Sources */ = {isa = PBXBuildFile; fileRef = 2CB2C5941EC1D93F00C0B401 /* WRLDIndoorControlView.m */; };
		2CB2C5E01EC1D95500C0B401 /* images in Resources */ = {isa = PBXBuildFile; fileRef = 2CB2C5DF1EC1D95500C0B401 /* images */; };
		2CFE0A5B1EC092D9006D51E6 /* WRLDIndoorMap.h in Headers */ = {isa = PBXBuildFile; fileRef = 2CFE0A5A1EC08F83006D51E6 /* WRLDIndoorMap.h */; settings = {ATTRIBUTES = (Public, ); }; };
		2CFE0A5F1EC0A3F4006D51E6 /* WRLDIndoorMap.m in Sources */ = {isa = PBXBuildFile; fileRef = 2CFE0A5E1EC0A3F4006D51E6 /* WRLDIndoorMap.m */; };
		5200BC491ECB607600B6E263 /* WRLDMapView+IBAdditions.h in Headers */ = {isa = PBXBuildFile; fileRef = 5200BC481ECB5FCF00B6E263 /* WRLDMapView+IBAdditions.h */; settings = {ATTRIBUTES = (Public, ); }; };
		5200BC4A1ECB608100B6E263 /* WRLDMapView+Private.h in Headers */ = {isa = PBXBuildFile; fileRef = 5200BC471ECB5FBC00B6E263 /* WRLDMapView+Private.h */; };
		521807AD1EB8F9D90070ACDD /* WRLDMapCamera.mm in Sources */ = {isa = PBXBuildFile; fileRef = 521807AC1EB8F9D90070ACDD /* WRLDMapCamera.mm */; };
		521807AF1EB8F9ED0070ACDD /* WRLDMapCamera.h in Headers */ = {isa = PBXBuildFile; fileRef = 521807AE1EB8F9ED0070ACDD /* WRLDMapCamera.h */; settings = {ATTRIBUTES = (Public, ); }; };
		521807B11EB9E30D0070ACDD /* WRLDCoordinateBounds.m in Sources */ = {isa = PBXBuildFile; fileRef = 521807B01EB9E30D0070ACDD /* WRLDCoordinateBounds.m */; };
		521807B31EB9E34B0070ACDD /* WRLDCoordinateBounds.h in Headers */ = {isa = PBXBuildFile; fileRef = 521807B21EB9E34B0070ACDD /* WRLDCoordinateBounds.h */; settings = {ATTRIBUTES = (Public, ); }; };
		526F9AC91EC4B92A006F49C4 /* AppDelegate.m in Sources */ = {isa = PBXBuildFile; fileRef = 526F9AC11EC4B92A006F49C4 /* AppDelegate.m */; };
		526F9ACA1EC4B92A006F49C4 /* AppMapViewDelegate.m in Sources */ = {isa = PBXBuildFile; fileRef = 526F9AC31EC4B92A006F49C4 /* AppMapViewDelegate.m */; };
		526F9ACB1EC4B92A006F49C4 /* Assets.xcassets in Resources */ = {isa = PBXBuildFile; fileRef = 526F9AC41EC4B92A006F49C4 /* Assets.xcassets */; };
		526F9ACD1EC4B92A006F49C4 /* main.m in Sources */ = {isa = PBXBuildFile; fileRef = 526F9AC61EC4B92A006F49C4 /* main.m */; };
		526F9ACE1EC4B92A006F49C4 /* ViewController.m in Sources */ = {isa = PBXBuildFile; fileRef = 526F9AC81EC4B92A006F49C4 /* ViewController.m */; };
		526F9AD11EC4B93B006F49C4 /* Main.storyboard in Resources */ = {isa = PBXBuildFile; fileRef = 526F9ACF1EC4B93B006F49C4 /* Main.storyboard */; };
		544BF29AE96C1DBFC8D1C548 /* libPods-WrldSdk.a in Frameworks */ = {isa = PBXBuildFile; fileRef = D487709F794FC9A95CA12653 /* libPods-WrldSdk.a */; };
		D0AAB65B1EBB8E8000384605 /* WRLDMarker.mm in Sources */ = {isa = PBXBuildFile; fileRef = D0AAB6591EBB8E7D00384605 /* WRLDMarker.mm */; };
		D0AAB65C1EBB8E8A00384605 /* WRLDMarker.h in Headers */ = {isa = PBXBuildFile; fileRef = D0AAB6581EBB8C6600384605 /* WRLDMarker.h */; settings = {ATTRIBUTES = (Public, ); }; };
		D0AAB6661EBCDEEB00384605 /* WRLDMarker+Private.h in Headers */ = {isa = PBXBuildFile; fileRef = D0AAB6651EBCDEEB00384605 /* WRLDMarker+Private.h */; };
		E03110031EB0E08B00002E88 /* Wrld.framework in Frameworks */ = {isa = PBXBuildFile; fileRef = E0310FFC1EB0E08B00002E88 /* Wrld.framework */; };
		E03110041EB0E08B00002E88 /* Wrld.framework in Embed Frameworks */ = {isa = PBXBuildFile; fileRef = E0310FFC1EB0E08B00002E88 /* Wrld.framework */; settings = {ATTRIBUTES = (CodeSignOnCopy, RemoveHeadersOnCopy, ); }; };
		E031100C1EB0E13B00002E88 /* GLKit.framework in Frameworks */ = {isa = PBXBuildFile; fileRef = E031100B1EB0E13B00002E88 /* GLKit.framework */; };
		E0A48BFE1EBB328000DD387F /* WRLDNativeMapView.h in Headers */ = {isa = PBXBuildFile; fileRef = E0A48BFD1EBB328000DD387F /* WRLDNativeMapView.h */; };
		E0A48C001EBB32B900DD387F /* WRLDNativeMapView.mm in Sources */ = {isa = PBXBuildFile; fileRef = E0A48BFF1EBB32B900DD387F /* WRLDNativeMapView.mm */; };
		E0F4E0FF1EB339EA00949ACE /* embedded_manifest.bin in Resources */ = {isa = PBXBuildFile; fileRef = E0F4E0B61EB339E900949ACE /* embedded_manifest.bin */; };
		E0F4E1371EB339EA00949ACE /* label_category_icon_map.json in Resources */ = {isa = PBXBuildFile; fileRef = E0F4E0EF1EB339EA00949ACE /* label_category_icon_map.json */; };
		E0F4E1381EB339EA00949ACE /* label_category_mapping.json in Resources */ = {isa = PBXBuildFile; fileRef = E0F4E0F01EB339EA00949ACE /* label_category_mapping.json */; };
		E0F4E1391EB339EA00949ACE /* label_style_sheet.json in Resources */ = {isa = PBXBuildFile; fileRef = E0F4E0F11EB339EA00949ACE /* label_style_sheet.json */; };
		E0F4E13A1EB339EA00949ACE /* opensans_semibold_sdf.fnt in Resources */ = {isa = PBXBuildFile; fileRef = E0F4E0F21EB339EA00949ACE /* opensans_semibold_sdf.fnt */; };
		E0F4E13B1EB339EA00949ACE /* opensans_semibold_sdf_0.png in Resources */ = {isa = PBXBuildFile; fileRef = E0F4E0F31EB339EA00949ACE /* opensans_semibold_sdf_0.png */; };
		E0F4E13C1EB339EA00949ACE /* pin_sheet.json in Resources */ = {isa = PBXBuildFile; fileRef = E0F4E0F41EB339EA00949ACE /* pin_sheet.json */; };
		E0F4E13D1EB339EA00949ACE /* pin_sheet_0.png in Resources */ = {isa = PBXBuildFile; fileRef = E0F4E0F51EB339EA00949ACE /* pin_sheet_0.png */; };
		E0F4E13E1EB339EA00949ACE /* pin_sheet_0@2x.png in Resources */ = {isa = PBXBuildFile; fileRef = E0F4E0F61EB339EA00949ACE /* pin_sheet_0@2x.png */; };
		E0F4E13F1EB339EA00949ACE /* pin_sheet_0@3x.png in Resources */ = {isa = PBXBuildFile; fileRef = E0F4E0F71EB339EA00949ACE /* pin_sheet_0@3x.png */; };
		E0F4E1401EB339EA00949ACE /* placeholder.pvr in Resources */ = {isa = PBXBuildFile; fileRef = E0F4E0F81EB339EA00949ACE /* placeholder.pvr */; };
		E0F4E1411EB339EA00949ACE /* placeholder_cube_negX.png in Resources */ = {isa = PBXBuildFile; fileRef = E0F4E0F91EB339EA00949ACE /* placeholder_cube_negX.png */; };
		E0F4E1421EB339EA00949ACE /* placeholder_cube_negY.png in Resources */ = {isa = PBXBuildFile; fileRef = E0F4E0FA1EB339EA00949ACE /* placeholder_cube_negY.png */; };
		E0F4E1431EB339EA00949ACE /* placeholder_cube_negZ.png in Resources */ = {isa = PBXBuildFile; fileRef = E0F4E0FB1EB339EA00949ACE /* placeholder_cube_negZ.png */; };
		E0F4E1441EB339EA00949ACE /* placeholder_cube_posX.png in Resources */ = {isa = PBXBuildFile; fileRef = E0F4E0FC1EB339EA00949ACE /* placeholder_cube_posX.png */; };
		E0F4E1451EB339EA00949ACE /* placeholder_cube_posY.png in Resources */ = {isa = PBXBuildFile; fileRef = E0F4E0FD1EB339EA00949ACE /* placeholder_cube_posY.png */; };
		E0F4E1461EB339EA00949ACE /* placeholder_cube_posZ.png in Resources */ = {isa = PBXBuildFile; fileRef = E0F4E0FE1EB339EA00949ACE /* placeholder_cube_posZ.png */; };
		E0F4E1481EB339FB00949ACE /* EmbeddedTheme in Resources */ = {isa = PBXBuildFile; fileRef = E0F4E1471EB339FB00949ACE /* EmbeddedTheme */; };
		E0F4E1721EB347FB00949ACE /* WRLDApi.m in Sources */ = {isa = PBXBuildFile; fileRef = E0F4E1681EB347FB00949ACE /* WRLDApi.m */; };
		E0F4E1731EB347FB00949ACE /* WRLDApi_Private.h in Headers */ = {isa = PBXBuildFile; fileRef = E0F4E1691EB347FB00949ACE /* WRLDApi_Private.h */; };
		E0F4E1741EB347FB00949ACE /* WRLDGestureDelegate.h in Headers */ = {isa = PBXBuildFile; fileRef = E0F4E16A1EB347FB00949ACE /* WRLDGestureDelegate.h */; };
		E0F4E1751EB347FB00949ACE /* WRLDGestureDelegate.mm in Sources */ = {isa = PBXBuildFile; fileRef = E0F4E16B1EB347FB00949ACE /* WRLDGestureDelegate.mm */; };
		E0F4E1761EB347FB00949ACE /* WRLDMapView.mm in Sources */ = {isa = PBXBuildFile; fileRef = E0F4E16C1EB347FB00949ACE /* WRLDMapView.mm */; };
		E0F4E1771EB347FB00949ACE /* WRLDApi.h in Headers */ = {isa = PBXBuildFile; fileRef = E0F4E16E1EB347FB00949ACE /* WRLDApi.h */; settings = {ATTRIBUTES = (Public, ); }; };
		E0F4E1781EB347FB00949ACE /* WRLDMapView.h in Headers */ = {isa = PBXBuildFile; fileRef = E0F4E16F1EB347FB00949ACE /* WRLDMapView.h */; settings = {ATTRIBUTES = (Public, ); }; };
		E0F4E1791EB347FB00949ACE /* WRLDMapViewDelegate.h in Headers */ = {isa = PBXBuildFile; fileRef = E0F4E1701EB347FB00949ACE /* WRLDMapViewDelegate.h */; settings = {ATTRIBUTES = (Public, ); }; };
		E0F4E17A1EB347FB00949ACE /* Wrld.h in Headers */ = {isa = PBXBuildFile; fileRef = E0F4E1711EB347FB00949ACE /* Wrld.h */; settings = {ATTRIBUTES = (Public, ); }; };
		E0F4E17F1EB3480800949ACE /* modulemap in Resources */ = {isa = PBXBuildFile; fileRef = E0F4E17D1EB3480800949ACE /* modulemap */; };
/* End PBXBuildFile section */

/* Begin PBXContainerItemProxy section */
		2C27ECF11EC1DEF900A9E677 /* PBXContainerItemProxy */ = {
			isa = PBXContainerItemProxy;
			containerPortal = E0601E421EAFBF510050EB45 /* Project object */;
			proxyType = 1;
			remoteGlobalIDString = 2CB2C53D1EC1D76400C0B401;
			remoteInfo = WrldWidgets;
		};
		E03110011EB0E08B00002E88 /* PBXContainerItemProxy */ = {
			isa = PBXContainerItemProxy;
			containerPortal = E0601E421EAFBF510050EB45 /* Project object */;
			proxyType = 1;
			remoteGlobalIDString = E0310FFB1EB0E08B00002E88;
			remoteInfo = dynamic;
		};
/* End PBXContainerItemProxy section */

/* Begin PBXCopyFilesBuildPhase section */
		E03110081EB0E08B00002E88 /* Embed Frameworks */ = {
			isa = PBXCopyFilesBuildPhase;
			buildActionMask = 2147483647;
			dstPath = "";
			dstSubfolderSpec = 10;
			files = (
				E03110041EB0E08B00002E88 /* Wrld.framework in Embed Frameworks */,
				2C27ECF01EC1DEF900A9E677 /* WrldWidgets.framework in Embed Frameworks */,
			);
			name = "Embed Frameworks";
			runOnlyForDeploymentPostprocessing = 0;
		};
/* End PBXCopyFilesBuildPhase section */

/* Begin PBXFileReference section */
		2C27ECF51EC1FE9400A9E677 /* WRLDIndoorMap+Private.h */ = {isa = PBXFileReference; fileEncoding = 4; lastKnownFileType = sourcecode.c.h; path = "WRLDIndoorMap+Private.h"; sourceTree = "<group>"; };
		2C32D1E41EBB42AD00FC1B12 /* DebugIndoorControl.h */ = {isa = PBXFileReference; fileEncoding = 4; lastKnownFileType = sourcecode.c.h; path = DebugIndoorControl.h; sourceTree = "<group>"; };
		2C32D1E51EBB42AD00FC1B12 /* DebugIndoorControl.m */ = {isa = PBXFileReference; fileEncoding = 4; lastKnownFileType = sourcecode.c.objc; path = DebugIndoorControl.m; sourceTree = "<group>"; };
		2C32D1E61EBB42AD00FC1B12 /* DebugIndoorControl.xib */ = {isa = PBXFileReference; fileEncoding = 4; lastKnownFileType = file.xib; path = DebugIndoorControl.xib; sourceTree = "<group>"; };
		2C3401051EC0CED300F8CEF0 /* WRLDIndoorMapDelegate.h */ = {isa = PBXFileReference; lastKnownFileType = sourcecode.c.h; path = WRLDIndoorMapDelegate.h; sourceTree = "<group>"; };
		2CB2C53E1EC1D76400C0B401 /* WrldWidgets.framework */ = {isa = PBXFileReference; explicitFileType = wrapper.framework; includeInIndex = 0; path = WrldWidgets.framework; sourceTree = BUILT_PRODUCTS_DIR; };
		2CB2C5401EC1D76400C0B401 /* WrldWidgets.h */ = {isa = PBXFileReference; lastKnownFileType = sourcecode.c.h; path = WrldWidgets.h; sourceTree = "<group>"; };
		2CB2C5411EC1D76400C0B401 /* Info.plist */ = {isa = PBXFileReference; lastKnownFileType = text.plist.xml; path = Info.plist; sourceTree = "<group>"; };
		2CB2C5811EC1D93F00C0B401 /* ImageHelpers.h */ = {isa = PBXFileReference; fileEncoding = 4; lastKnownFileType = sourcecode.c.h; path = ImageHelpers.h; sourceTree = "<group>"; };
		2CB2C5821EC1D93F00C0B401 /* ImageHelpers.mm */ = {isa = PBXFileReference; fileEncoding = 4; lastKnownFileType = sourcecode.cpp.objcpp; path = ImageHelpers.mm; sourceTree = "<group>"; };
		2CB2C5831EC1D93F00C0B401 /* ImmediatePanGestureRecognizer.h */ = {isa = PBXFileReference; fileEncoding = 4; lastKnownFileType = sourcecode.c.h; path = ImmediatePanGestureRecognizer.h; sourceTree = "<group>"; };
		2CB2C5841EC1D93F00C0B401 /* ImmediatePanGestureRecognizer.mm */ = {isa = PBXFileReference; fileEncoding = 4; lastKnownFileType = sourcecode.cpp.objcpp; path = ImmediatePanGestureRecognizer.mm; sourceTree = "<group>"; };
		2CB2C5851EC1D93F00C0B401 /* IndoorControl.h */ = {isa = PBXFileReference; fileEncoding = 4; lastKnownFileType = sourcecode.c.h; path = IndoorControl.h; sourceTree = "<group>"; };
		2CB2C5861EC1D93F00C0B401 /* IndoorControl.mm */ = {isa = PBXFileReference; fileEncoding = 4; lastKnownFileType = sourcecode.cpp.objcpp; path = IndoorControl.mm; sourceTree = "<group>"; };
		2CB2C5871EC1D93F00C0B401 /* IndoorControlDelegate.h */ = {isa = PBXFileReference; fileEncoding = 4; lastKnownFileType = sourcecode.c.h; path = IndoorControlDelegate.h; sourceTree = "<group>"; };
		2CB2C5881EC1D93F00C0B401 /* InteriorsExplorerFloorItemView.h */ = {isa = PBXFileReference; fileEncoding = 4; lastKnownFileType = sourcecode.c.h; path = InteriorsExplorerFloorItemView.h; sourceTree = "<group>"; };
		2CB2C5891EC1D93F00C0B401 /* InteriorsExplorerFloorItemView.mm */ = {isa = PBXFileReference; fileEncoding = 4; lastKnownFileType = sourcecode.cpp.objcpp; path = InteriorsExplorerFloorItemView.mm; sourceTree = "<group>"; };
		2CB2C58A1EC1D93F00C0B401 /* UIButton+DefaultStates.h */ = {isa = PBXFileReference; fileEncoding = 4; lastKnownFileType = sourcecode.c.h; path = "UIButton+DefaultStates.h"; sourceTree = "<group>"; };
		2CB2C58B1EC1D93F00C0B401 /* UIButton+DefaultStates.mm */ = {isa = PBXFileReference; fileEncoding = 4; lastKnownFileType = sourcecode.cpp.objcpp; path = "UIButton+DefaultStates.mm"; sourceTree = "<group>"; };
		2CB2C58C1EC1D93F00C0B401 /* UIColors.h */ = {isa = PBXFileReference; fileEncoding = 4; lastKnownFileType = sourcecode.c.h; path = UIColors.h; sourceTree = "<group>"; };
		2CB2C58D1EC1D93F00C0B401 /* UIColors.mm */ = {isa = PBXFileReference; fileEncoding = 4; lastKnownFileType = sourcecode.cpp.objcpp; path = UIColors.mm; sourceTree = "<group>"; };
		2CB2C58E1EC1D93F00C0B401 /* UIHelpers.h */ = {isa = PBXFileReference; fileEncoding = 4; lastKnownFileType = sourcecode.c.h; path = UIHelpers.h; sourceTree = "<group>"; };
		2CB2C58F1EC1D93F00C0B401 /* UIHelpers.mm */ = {isa = PBXFileReference; fileEncoding = 4; lastKnownFileType = sourcecode.cpp.objcpp; path = UIHelpers.mm; sourceTree = "<group>"; };
		2CB2C5901EC1D93F00C0B401 /* UIView+TouchExclusivity.h */ = {isa = PBXFileReference; fileEncoding = 4; lastKnownFileType = sourcecode.c.h; path = "UIView+TouchExclusivity.h"; sourceTree = "<group>"; };
		2CB2C5911EC1D93F00C0B401 /* UIView+TouchExclusivity.m */ = {isa = PBXFileReference; fileEncoding = 4; lastKnownFileType = sourcecode.c.objc; path = "UIView+TouchExclusivity.m"; sourceTree = "<group>"; };
		2CB2C5931EC1D93F00C0B401 /* WRLDIndoorControlView.h */ = {isa = PBXFileReference; fileEncoding = 4; lastKnownFileType = sourcecode.c.h; path = WRLDIndoorControlView.h; sourceTree = "<group>"; };
		2CB2C5941EC1D93F00C0B401 /* WRLDIndoorControlView.m */ = {isa = PBXFileReference; fileEncoding = 4; lastKnownFileType = sourcecode.c.objc; path = WRLDIndoorControlView.m; sourceTree = "<group>"; };
		2CB2C5DF1EC1D95500C0B401 /* images */ = {isa = PBXFileReference; lastKnownFileType = folder; path = images; sourceTree = "<group>"; };
		2CFE0A5A1EC08F83006D51E6 /* WRLDIndoorMap.h */ = {isa = PBXFileReference; lastKnownFileType = sourcecode.c.h; path = WRLDIndoorMap.h; sourceTree = "<group>"; };
		2CFE0A5E1EC0A3F4006D51E6 /* WRLDIndoorMap.m */ = {isa = PBXFileReference; fileEncoding = 4; lastKnownFileType = sourcecode.c.objc; path = WRLDIndoorMap.m; sourceTree = "<group>"; };
		3D2236C4A4CFE03870348C69 /* Pods-WrldSdk.debug.xcconfig */ = {isa = PBXFileReference; includeInIndex = 1; lastKnownFileType = text.xcconfig; name = "Pods-WrldSdk.debug.xcconfig"; path = "Pods/Target Support Files/Pods-WrldSdk/Pods-WrldSdk.debug.xcconfig"; sourceTree = "<group>"; };
		5200BC471ECB5FBC00B6E263 /* WRLDMapView+Private.h */ = {isa = PBXFileReference; fileEncoding = 4; lastKnownFileType = sourcecode.c.h; path = "WRLDMapView+Private.h"; sourceTree = "<group>"; };
		5200BC481ECB5FCF00B6E263 /* WRLDMapView+IBAdditions.h */ = {isa = PBXFileReference; fileEncoding = 4; lastKnownFileType = sourcecode.c.h; path = "WRLDMapView+IBAdditions.h"; sourceTree = "<group>"; };
		521807AC1EB8F9D90070ACDD /* WRLDMapCamera.mm */ = {isa = PBXFileReference; fileEncoding = 4; lastKnownFileType = sourcecode.cpp.objcpp; path = WRLDMapCamera.mm; sourceTree = "<group>"; };
		521807AE1EB8F9ED0070ACDD /* WRLDMapCamera.h */ = {isa = PBXFileReference; fileEncoding = 4; lastKnownFileType = sourcecode.c.h; path = WRLDMapCamera.h; sourceTree = "<group>"; };
		521807B01EB9E30D0070ACDD /* WRLDCoordinateBounds.m */ = {isa = PBXFileReference; fileEncoding = 4; lastKnownFileType = sourcecode.c.objc; path = WRLDCoordinateBounds.m; sourceTree = "<group>"; };
		521807B21EB9E34B0070ACDD /* WRLDCoordinateBounds.h */ = {isa = PBXFileReference; fileEncoding = 4; lastKnownFileType = sourcecode.c.h; path = WRLDCoordinateBounds.h; sourceTree = "<group>"; };
		526F9AC01EC4B92A006F49C4 /* AppDelegate.h */ = {isa = PBXFileReference; fileEncoding = 4; lastKnownFileType = sourcecode.c.h; name = AppDelegate.h; path = DevApp/AppDelegate.h; sourceTree = SOURCE_ROOT; };
		526F9AC11EC4B92A006F49C4 /* AppDelegate.m */ = {isa = PBXFileReference; fileEncoding = 4; lastKnownFileType = sourcecode.c.objc; name = AppDelegate.m; path = DevApp/AppDelegate.m; sourceTree = SOURCE_ROOT; };
		526F9AC21EC4B92A006F49C4 /* AppMapViewDelegate.h */ = {isa = PBXFileReference; fileEncoding = 4; lastKnownFileType = sourcecode.c.h; name = AppMapViewDelegate.h; path = DevApp/AppMapViewDelegate.h; sourceTree = SOURCE_ROOT; };
		526F9AC31EC4B92A006F49C4 /* AppMapViewDelegate.m */ = {isa = PBXFileReference; fileEncoding = 4; lastKnownFileType = sourcecode.c.objc; name = AppMapViewDelegate.m; path = DevApp/AppMapViewDelegate.m; sourceTree = SOURCE_ROOT; };
		526F9AC41EC4B92A006F49C4 /* Assets.xcassets */ = {isa = PBXFileReference; lastKnownFileType = folder.assetcatalog; name = Assets.xcassets; path = DevApp/Assets.xcassets; sourceTree = SOURCE_ROOT; };
		526F9AC51EC4B92A006F49C4 /* Info.plist */ = {isa = PBXFileReference; fileEncoding = 4; lastKnownFileType = text.plist.xml; name = Info.plist; path = DevApp/Info.plist; sourceTree = SOURCE_ROOT; };
		526F9AC61EC4B92A006F49C4 /* main.m */ = {isa = PBXFileReference; fileEncoding = 4; lastKnownFileType = sourcecode.c.objc; name = main.m; path = DevApp/main.m; sourceTree = SOURCE_ROOT; };
		526F9AC71EC4B92A006F49C4 /* ViewController.h */ = {isa = PBXFileReference; fileEncoding = 4; lastKnownFileType = sourcecode.c.h; name = ViewController.h; path = DevApp/ViewController.h; sourceTree = SOURCE_ROOT; };
		526F9AC81EC4B92A006F49C4 /* ViewController.m */ = {isa = PBXFileReference; fileEncoding = 4; lastKnownFileType = sourcecode.c.objc; name = ViewController.m; path = DevApp/ViewController.m; sourceTree = SOURCE_ROOT; };
		526F9AD01EC4B93B006F49C4 /* Base */ = {isa = PBXFileReference; lastKnownFileType = file.storyboard; name = Base; path = DevApp/Base.lproj/Main.storyboard; sourceTree = SOURCE_ROOT; };
		76275E8E6F31FFA3AC50AD07 /* Pods-WrldSdk.release.xcconfig */ = {isa = PBXFileReference; includeInIndex = 1; lastKnownFileType = text.xcconfig; name = "Pods-WrldSdk.release.xcconfig"; path = "Pods/Target Support Files/Pods-WrldSdk/Pods-WrldSdk.release.xcconfig"; sourceTree = "<group>"; };
		D0AAB6581EBB8C6600384605 /* WRLDMarker.h */ = {isa = PBXFileReference; lastKnownFileType = sourcecode.c.h; path = WRLDMarker.h; sourceTree = "<group>"; };
		D0AAB6591EBB8E7D00384605 /* WRLDMarker.mm */ = {isa = PBXFileReference; fileEncoding = 4; lastKnownFileType = sourcecode.cpp.objcpp; path = WRLDMarker.mm; sourceTree = "<group>"; };
		D0AAB6651EBCDEEB00384605 /* WRLDMarker+Private.h */ = {isa = PBXFileReference; fileEncoding = 4; lastKnownFileType = sourcecode.c.h; path = "WRLDMarker+Private.h"; sourceTree = "<group>"; };
		D487709F794FC9A95CA12653 /* libPods-WrldSdk.a */ = {isa = PBXFileReference; explicitFileType = archive.ar; includeInIndex = 0; path = "libPods-WrldSdk.a"; sourceTree = BUILT_PRODUCTS_DIR; };
		E0310FFC1EB0E08B00002E88 /* Wrld.framework */ = {isa = PBXFileReference; explicitFileType = wrapper.framework; includeInIndex = 0; path = Wrld.framework; sourceTree = BUILT_PRODUCTS_DIR; };
		E031100B1EB0E13B00002E88 /* GLKit.framework */ = {isa = PBXFileReference; lastKnownFileType = wrapper.framework; name = GLKit.framework; path = System/Library/Frameworks/GLKit.framework; sourceTree = SDKROOT; };
		E0601E4A1EAFBF510050EB45 /* DevApp.app */ = {isa = PBXFileReference; explicitFileType = wrapper.application; includeInIndex = 0; path = DevApp.app; sourceTree = BUILT_PRODUCTS_DIR; };
		E0A48BFD1EBB328000DD387F /* WRLDNativeMapView.h */ = {isa = PBXFileReference; fileEncoding = 4; lastKnownFileType = sourcecode.c.h; path = WRLDNativeMapView.h; sourceTree = "<group>"; };
		E0A48BFF1EBB32B900DD387F /* WRLDNativeMapView.mm */ = {isa = PBXFileReference; fileEncoding = 4; lastKnownFileType = sourcecode.cpp.objcpp; path = WRLDNativeMapView.mm; sourceTree = "<group>"; };
		E0F4E0B61EB339E900949ACE /* embedded_manifest.bin */ = {isa = PBXFileReference; lastKnownFileType = archive.macbinary; path = embedded_manifest.bin; sourceTree = "<group>"; };
		E0F4E0EF1EB339EA00949ACE /* label_category_icon_map.json */ = {isa = PBXFileReference; fileEncoding = 4; lastKnownFileType = text.json; path = label_category_icon_map.json; sourceTree = "<group>"; };
		E0F4E0F01EB339EA00949ACE /* label_category_mapping.json */ = {isa = PBXFileReference; fileEncoding = 4; lastKnownFileType = text.json; path = label_category_mapping.json; sourceTree = "<group>"; };
		E0F4E0F11EB339EA00949ACE /* label_style_sheet.json */ = {isa = PBXFileReference; fileEncoding = 4; lastKnownFileType = text.json; path = label_style_sheet.json; sourceTree = "<group>"; };
		E0F4E0F21EB339EA00949ACE /* opensans_semibold_sdf.fnt */ = {isa = PBXFileReference; fileEncoding = 4; lastKnownFileType = text; path = opensans_semibold_sdf.fnt; sourceTree = "<group>"; };
		E0F4E0F31EB339EA00949ACE /* opensans_semibold_sdf_0.png */ = {isa = PBXFileReference; lastKnownFileType = image.png; path = opensans_semibold_sdf_0.png; sourceTree = "<group>"; };
		E0F4E0F41EB339EA00949ACE /* pin_sheet.json */ = {isa = PBXFileReference; fileEncoding = 4; lastKnownFileType = text.json; path = pin_sheet.json; sourceTree = "<group>"; };
		E0F4E0F51EB339EA00949ACE /* pin_sheet_0.png */ = {isa = PBXFileReference; lastKnownFileType = image.png; path = pin_sheet_0.png; sourceTree = "<group>"; };
		E0F4E0F61EB339EA00949ACE /* pin_sheet_0@2x.png */ = {isa = PBXFileReference; lastKnownFileType = image.png; path = "pin_sheet_0@2x.png"; sourceTree = "<group>"; };
		E0F4E0F71EB339EA00949ACE /* pin_sheet_0@3x.png */ = {isa = PBXFileReference; lastKnownFileType = image.png; path = "pin_sheet_0@3x.png"; sourceTree = "<group>"; };
		E0F4E0F81EB339EA00949ACE /* placeholder.pvr */ = {isa = PBXFileReference; lastKnownFileType = file; path = placeholder.pvr; sourceTree = "<group>"; };
		E0F4E0F91EB339EA00949ACE /* placeholder_cube_negX.png */ = {isa = PBXFileReference; lastKnownFileType = image.png; path = placeholder_cube_negX.png; sourceTree = "<group>"; };
		E0F4E0FA1EB339EA00949ACE /* placeholder_cube_negY.png */ = {isa = PBXFileReference; lastKnownFileType = image.png; path = placeholder_cube_negY.png; sourceTree = "<group>"; };
		E0F4E0FB1EB339EA00949ACE /* placeholder_cube_negZ.png */ = {isa = PBXFileReference; lastKnownFileType = image.png; path = placeholder_cube_negZ.png; sourceTree = "<group>"; };
		E0F4E0FC1EB339EA00949ACE /* placeholder_cube_posX.png */ = {isa = PBXFileReference; lastKnownFileType = image.png; path = placeholder_cube_posX.png; sourceTree = "<group>"; };
		E0F4E0FD1EB339EA00949ACE /* placeholder_cube_posY.png */ = {isa = PBXFileReference; lastKnownFileType = image.png; path = placeholder_cube_posY.png; sourceTree = "<group>"; };
		E0F4E0FE1EB339EA00949ACE /* placeholder_cube_posZ.png */ = {isa = PBXFileReference; lastKnownFileType = image.png; path = placeholder_cube_posZ.png; sourceTree = "<group>"; };
		E0F4E1471EB339FB00949ACE /* EmbeddedTheme */ = {isa = PBXFileReference; lastKnownFileType = folder; path = EmbeddedTheme; sourceTree = "<group>"; };
		E0F4E1681EB347FB00949ACE /* WRLDApi.m */ = {isa = PBXFileReference; fileEncoding = 4; lastKnownFileType = sourcecode.c.objc; path = WRLDApi.m; sourceTree = "<group>"; };
		E0F4E1691EB347FB00949ACE /* WRLDApi_Private.h */ = {isa = PBXFileReference; fileEncoding = 4; lastKnownFileType = sourcecode.c.h; path = WRLDApi_Private.h; sourceTree = "<group>"; };
		E0F4E16A1EB347FB00949ACE /* WRLDGestureDelegate.h */ = {isa = PBXFileReference; fileEncoding = 4; lastKnownFileType = sourcecode.c.h; path = WRLDGestureDelegate.h; sourceTree = "<group>"; };
		E0F4E16B1EB347FB00949ACE /* WRLDGestureDelegate.mm */ = {isa = PBXFileReference; fileEncoding = 4; lastKnownFileType = sourcecode.cpp.objcpp; path = WRLDGestureDelegate.mm; sourceTree = "<group>"; };
		E0F4E16C1EB347FB00949ACE /* WRLDMapView.mm */ = {isa = PBXFileReference; fileEncoding = 4; lastKnownFileType = sourcecode.cpp.objcpp; path = WRLDMapView.mm; sourceTree = "<group>"; };
		E0F4E16E1EB347FB00949ACE /* WRLDApi.h */ = {isa = PBXFileReference; fileEncoding = 4; lastKnownFileType = sourcecode.c.h; path = WRLDApi.h; sourceTree = "<group>"; };
		E0F4E16F1EB347FB00949ACE /* WRLDMapView.h */ = {isa = PBXFileReference; fileEncoding = 4; lastKnownFileType = sourcecode.c.h; path = WRLDMapView.h; sourceTree = "<group>"; };
		E0F4E1701EB347FB00949ACE /* WRLDMapViewDelegate.h */ = {isa = PBXFileReference; fileEncoding = 4; lastKnownFileType = sourcecode.c.h; path = WRLDMapViewDelegate.h; sourceTree = "<group>"; };
		E0F4E1711EB347FB00949ACE /* Wrld.h */ = {isa = PBXFileReference; fileEncoding = 4; lastKnownFileType = sourcecode.c.h; path = Wrld.h; sourceTree = "<group>"; };
		E0F4E17C1EB3480800949ACE /* Info.plist */ = {isa = PBXFileReference; fileEncoding = 4; lastKnownFileType = text.plist.xml; path = Info.plist; sourceTree = "<group>"; };
		E0F4E17D1EB3480800949ACE /* modulemap */ = {isa = PBXFileReference; fileEncoding = 4; lastKnownFileType = text; path = modulemap; sourceTree = "<group>"; };
/* End PBXFileReference section */

/* Begin PBXFrameworksBuildPhase section */
		2CB2C53A1EC1D76400C0B401 /* Frameworks */ = {
			isa = PBXFrameworksBuildPhase;
			buildActionMask = 2147483647;
			files = (
				2CB2C5461EC1D7A100C0B401 /* Wrld.framework in Frameworks */,
			);
			runOnlyForDeploymentPostprocessing = 0;
		};
		E0310FF81EB0E08B00002E88 /* Frameworks */ = {
			isa = PBXFrameworksBuildPhase;
			buildActionMask = 2147483647;
			files = (
				E031100C1EB0E13B00002E88 /* GLKit.framework in Frameworks */,
				544BF29AE96C1DBFC8D1C548 /* libPods-WrldSdk.a in Frameworks */,
			);
			runOnlyForDeploymentPostprocessing = 0;
		};
		E0601E471EAFBF510050EB45 /* Frameworks */ = {
			isa = PBXFrameworksBuildPhase;
			buildActionMask = 2147483647;
			files = (
				E03110031EB0E08B00002E88 /* Wrld.framework in Frameworks */,
				2C27ECEF1EC1DEF900A9E677 /* WrldWidgets.framework in Frameworks */,
			);
			runOnlyForDeploymentPostprocessing = 0;
		};
/* End PBXFrameworksBuildPhase section */

/* Begin PBXGroup section */
		26F70EBED6F5A479EFCF6860 /* Pods */ = {
			isa = PBXGroup;
			children = (
				3D2236C4A4CFE03870348C69 /* Pods-WrldSdk.debug.xcconfig */,
				76275E8E6F31FFA3AC50AD07 /* Pods-WrldSdk.release.xcconfig */,
			);
			name = Pods;
			sourceTree = "<group>";
		};
		2C32D1E31EBB42AD00FC1B12 /* DebugIndoorControl */ = {
			isa = PBXGroup;
			children = (
				2C32D1E41EBB42AD00FC1B12 /* DebugIndoorControl.h */,
				2C32D1E51EBB42AD00FC1B12 /* DebugIndoorControl.m */,
				2C32D1E61EBB42AD00FC1B12 /* DebugIndoorControl.xib */,
			);
			path = DebugIndoorControl;
			sourceTree = "<group>";
		};
		2CB2C53F1EC1D76400C0B401 /* WrldWidgets */ = {
			isa = PBXGroup;
			children = (
				2CB2C56B1EC1D93F00C0B401 /* IndoorControl */,
				2CB2C5401EC1D76400C0B401 /* WrldWidgets.h */,
				2CB2C5411EC1D76400C0B401 /* Info.plist */,
			);
			path = WrldWidgets;
			sourceTree = "<group>";
		};
		2CB2C56B1EC1D93F00C0B401 /* IndoorControl */ = {
			isa = PBXGroup;
			children = (
				2CB2C5DF1EC1D95500C0B401 /* images */,
				2CB2C57F1EC1D93F00C0B401 /* src */,
			);
			path = IndoorControl;
			sourceTree = "<group>";
		};
		2CB2C57F1EC1D93F00C0B401 /* src */ = {
			isa = PBXGroup;
			children = (
				2CB2C5801EC1D93F00C0B401 /* private */,
				2CB2C5921EC1D93F00C0B401 /* public */,
			);
			path = src;
			sourceTree = "<group>";
		};
		2CB2C5801EC1D93F00C0B401 /* private */ = {
			isa = PBXGroup;
			children = (
				2CB2C5811EC1D93F00C0B401 /* ImageHelpers.h */,
				2CB2C5821EC1D93F00C0B401 /* ImageHelpers.mm */,
				2CB2C5831EC1D93F00C0B401 /* ImmediatePanGestureRecognizer.h */,
				2CB2C5841EC1D93F00C0B401 /* ImmediatePanGestureRecognizer.mm */,
				2CB2C5851EC1D93F00C0B401 /* IndoorControl.h */,
				2CB2C5861EC1D93F00C0B401 /* IndoorControl.mm */,
				2CB2C5871EC1D93F00C0B401 /* IndoorControlDelegate.h */,
				2CB2C5881EC1D93F00C0B401 /* InteriorsExplorerFloorItemView.h */,
				2CB2C5891EC1D93F00C0B401 /* InteriorsExplorerFloorItemView.mm */,
				2CB2C58A1EC1D93F00C0B401 /* UIButton+DefaultStates.h */,
				2CB2C58B1EC1D93F00C0B401 /* UIButton+DefaultStates.mm */,
				2CB2C58C1EC1D93F00C0B401 /* UIColors.h */,
				2CB2C58D1EC1D93F00C0B401 /* UIColors.mm */,
				2CB2C58E1EC1D93F00C0B401 /* UIHelpers.h */,
				2CB2C58F1EC1D93F00C0B401 /* UIHelpers.mm */,
				2CB2C5901EC1D93F00C0B401 /* UIView+TouchExclusivity.h */,
				2CB2C5911EC1D93F00C0B401 /* UIView+TouchExclusivity.m */,
			);
			path = private;
			sourceTree = "<group>";
		};
		2CB2C5921EC1D93F00C0B401 /* public */ = {
			isa = PBXGroup;
			children = (
				2CB2C5931EC1D93F00C0B401 /* WRLDIndoorControlView.h */,
				2CB2C5941EC1D93F00C0B401 /* WRLDIndoorControlView.m */,
			);
			path = public;
			sourceTree = "<group>";
		};
		D39018B2402324986ABDDC69 /* Frameworks */ = {
			isa = PBXGroup;
			children = (
				E031100B1EB0E13B00002E88 /* GLKit.framework */,
				D487709F794FC9A95CA12653 /* libPods-WrldSdk.a */,
			);
			name = Frameworks;
			sourceTree = "<group>";
		};
		E0601E411EAFBF510050EB45 = {
			isa = PBXGroup;
			children = (
				2C32D1E31EBB42AD00FC1B12 /* DebugIndoorControl */,
				E0F4E17B1EB3480800949ACE /* framework */,
				E0F4E1661EB347FB00949ACE /* src */,
				E0F4E0B51EB339E900949ACE /* resources */,
				E0601E4C1EAFBF510050EB45 /* DevApp */,
				2CB2C53F1EC1D76400C0B401 /* WrldWidgets */,
				E0601E4B1EAFBF510050EB45 /* Products */,
				26F70EBED6F5A479EFCF6860 /* Pods */,
				D39018B2402324986ABDDC69 /* Frameworks */,
			);
			sourceTree = "<group>";
		};
		E0601E4B1EAFBF510050EB45 /* Products */ = {
			isa = PBXGroup;
			children = (
				E0601E4A1EAFBF510050EB45 /* DevApp.app */,
				E0310FFC1EB0E08B00002E88 /* Wrld.framework */,
				2CB2C53E1EC1D76400C0B401 /* WrldWidgets.framework */,
			);
			name = Products;
			sourceTree = "<group>";
		};
		E0601E4C1EAFBF510050EB45 /* DevApp */ = {
			isa = PBXGroup;
			children = (
				526F9AC41EC4B92A006F49C4 /* Assets.xcassets */,
				526F9AC01EC4B92A006F49C4 /* AppDelegate.h */,
				526F9AC11EC4B92A006F49C4 /* AppDelegate.m */,
				526F9AC21EC4B92A006F49C4 /* AppMapViewDelegate.h */,
				526F9AC31EC4B92A006F49C4 /* AppMapViewDelegate.m */,
				526F9AC71EC4B92A006F49C4 /* ViewController.h */,
				526F9AC81EC4B92A006F49C4 /* ViewController.m */,
				526F9AC51EC4B92A006F49C4 /* Info.plist */,
				526F9ACF1EC4B93B006F49C4 /* Main.storyboard */,
				E0601E4D1EAFBF510050EB45 /* Supporting Files */,
			);
			path = DevApp;
			sourceTree = "<group>";
		};
		E0601E4D1EAFBF510050EB45 /* Supporting Files */ = {
			isa = PBXGroup;
			children = (
				526F9AC61EC4B92A006F49C4 /* main.m */,
			);
			name = "Supporting Files";
			sourceTree = "<group>";
		};
		E0F4E0B51EB339E900949ACE /* resources */ = {
			isa = PBXGroup;
			children = (
				E0F4E1471EB339FB00949ACE /* EmbeddedTheme */,
				E0F4E0B61EB339E900949ACE /* embedded_manifest.bin */,
				E0F4E0EF1EB339EA00949ACE /* label_category_icon_map.json */,
				E0F4E0F01EB339EA00949ACE /* label_category_mapping.json */,
				E0F4E0F11EB339EA00949ACE /* label_style_sheet.json */,
				E0F4E0F21EB339EA00949ACE /* opensans_semibold_sdf.fnt */,
				E0F4E0F31EB339EA00949ACE /* opensans_semibold_sdf_0.png */,
				E0F4E0F41EB339EA00949ACE /* pin_sheet.json */,
				E0F4E0F51EB339EA00949ACE /* pin_sheet_0.png */,
				E0F4E0F61EB339EA00949ACE /* pin_sheet_0@2x.png */,
				E0F4E0F71EB339EA00949ACE /* pin_sheet_0@3x.png */,
				E0F4E0F81EB339EA00949ACE /* placeholder.pvr */,
				E0F4E0F91EB339EA00949ACE /* placeholder_cube_negX.png */,
				E0F4E0FA1EB339EA00949ACE /* placeholder_cube_negY.png */,
				E0F4E0FB1EB339EA00949ACE /* placeholder_cube_negZ.png */,
				E0F4E0FC1EB339EA00949ACE /* placeholder_cube_posX.png */,
				E0F4E0FD1EB339EA00949ACE /* placeholder_cube_posY.png */,
				E0F4E0FE1EB339EA00949ACE /* placeholder_cube_posZ.png */,
			);
			path = resources;
			sourceTree = SOURCE_ROOT;
		};
		E0F4E1661EB347FB00949ACE /* src */ = {
			isa = PBXGroup;
			children = (
				E0F4E1671EB347FB00949ACE /* private */,
				E0F4E16D1EB347FB00949ACE /* public */,
				E0F4E1711EB347FB00949ACE /* Wrld.h */,
			);
			path = src;
			sourceTree = "<group>";
		};
		E0F4E1671EB347FB00949ACE /* private */ = {
			isa = PBXGroup;
			children = (
				E0F4E1681EB347FB00949ACE /* WRLDApi.m */,
				E0F4E1691EB347FB00949ACE /* WRLDApi_Private.h */,
				521807B01EB9E30D0070ACDD /* WRLDCoordinateBounds.m */,
				E0F4E16A1EB347FB00949ACE /* WRLDGestureDelegate.h */,
				E0F4E16B1EB347FB00949ACE /* WRLDGestureDelegate.mm */,
				521807AC1EB8F9D90070ACDD /* WRLDMapCamera.mm */,
				2CFE0A5E1EC0A3F4006D51E6 /* WRLDIndoorMap.m */,
				5200BC471ECB5FBC00B6E263 /* WRLDMapView+Private.h */,
				E0F4E16C1EB347FB00949ACE /* WRLDMapView.mm */,
				E0A48BFD1EBB328000DD387F /* WRLDNativeMapView.h */,
				E0A48BFF1EBB32B900DD387F /* WRLDNativeMapView.mm */,
				D0AAB6651EBCDEEB00384605 /* WRLDMarker+Private.h */,
				D0AAB6591EBB8E7D00384605 /* WRLDMarker.mm */,
				2C27ECF51EC1FE9400A9E677 /* WRLDIndoorMap+Private.h */,
			);
			path = private;
			sourceTree = "<group>";
		};
		E0F4E16D1EB347FB00949ACE /* public */ = {
			isa = PBXGroup;
			children = (
				E0F4E16E1EB347FB00949ACE /* WRLDApi.h */,
				521807B21EB9E34B0070ACDD /* WRLDCoordinateBounds.h */,
				521807AE1EB8F9ED0070ACDD /* WRLDMapCamera.h */,
				E0F4E16F1EB347FB00949ACE /* WRLDMapView.h */,
				5200BC481ECB5FCF00B6E263 /* WRLDMapView+IBAdditions.h */,
				E0F4E1701EB347FB00949ACE /* WRLDMapViewDelegate.h */,
				2CFE0A5A1EC08F83006D51E6 /* WRLDIndoorMap.h */,
				D0AAB6581EBB8C6600384605 /* WRLDMarker.h */,
				2C3401051EC0CED300F8CEF0 /* WRLDIndoorMapDelegate.h */,
			);
			path = public;
			sourceTree = "<group>";
		};
		E0F4E17B1EB3480800949ACE /* framework */ = {
			isa = PBXGroup;
			children = (
				E0F4E17C1EB3480800949ACE /* Info.plist */,
				E0F4E17D1EB3480800949ACE /* modulemap */,
			);
			path = framework;
			sourceTree = "<group>";
		};
/* End PBXGroup section */

/* Begin PBXHeadersBuildPhase section */
		2CB2C53B1EC1D76400C0B401 /* Headers */ = {
			isa = PBXHeadersBuildPhase;
			buildActionMask = 2147483647;
			files = (
				2CB2C5B21EC1D93F00C0B401 /* UIColors.h in Headers */,
				2CB2C5B61EC1D93F00C0B401 /* UIView+TouchExclusivity.h in Headers */,
				2CB2C5AE1EC1D93F00C0B401 /* InteriorsExplorerFloorItemView.h in Headers */,
				2CB2C5B81EC1D93F00C0B401 /* WRLDIndoorControlView.h in Headers */,
				2CB2C5A91EC1D93F00C0B401 /* ImmediatePanGestureRecognizer.h in Headers */,
				2CB2C5B41EC1D93F00C0B401 /* UIHelpers.h in Headers */,
				2CB2C5AB1EC1D93F00C0B401 /* IndoorControl.h in Headers */,
				2CB2C5A71EC1D93F00C0B401 /* ImageHelpers.h in Headers */,
				2CB2C5AD1EC1D93F00C0B401 /* IndoorControlDelegate.h in Headers */,
				2CB2C5B01EC1D93F00C0B401 /* UIButton+DefaultStates.h in Headers */,
				2CB2C5421EC1D76400C0B401 /* WrldWidgets.h in Headers */,
			);
			runOnlyForDeploymentPostprocessing = 0;
		};
		E0310FF91EB0E08B00002E88 /* Headers */ = {
			isa = PBXHeadersBuildPhase;
			buildActionMask = 2147483647;
			files = (
				5200BC491ECB607600B6E263 /* WRLDMapView+IBAdditions.h in Headers */,
				521807B31EB9E34B0070ACDD /* WRLDCoordinateBounds.h in Headers */,
				E0F4E1791EB347FB00949ACE /* WRLDMapViewDelegate.h in Headers */,
				5200BC4A1ECB608100B6E263 /* WRLDMapView+Private.h in Headers */,
				E0A48BFE1EBB328000DD387F /* WRLDNativeMapView.h in Headers */,
				E0F4E17A1EB347FB00949ACE /* Wrld.h in Headers */,
				2C27ECF61EC1FE9400A9E677 /* WRLDIndoorMap+Private.h in Headers */,
				E0F4E1771EB347FB00949ACE /* WRLDApi.h in Headers */,
				D0AAB65C1EBB8E8A00384605 /* WRLDMarker.h in Headers */,
				E0F4E1781EB347FB00949ACE /* WRLDMapView.h in Headers */,
				E0F4E1741EB347FB00949ACE /* WRLDGestureDelegate.h in Headers */,
				D0AAB6661EBCDEEB00384605 /* WRLDMarker+Private.h in Headers */,
				E0F4E1731EB347FB00949ACE /* WRLDApi_Private.h in Headers */,
				521807AF1EB8F9ED0070ACDD /* WRLDMapCamera.h in Headers */,
				2CFE0A5B1EC092D9006D51E6 /* WRLDIndoorMap.h in Headers */,
				2C3401061EC0CED800F8CEF0 /* WRLDIndoorMapDelegate.h in Headers */,
			);
			runOnlyForDeploymentPostprocessing = 0;
		};
/* End PBXHeadersBuildPhase section */

/* Begin PBXNativeTarget section */
		2CB2C53D1EC1D76400C0B401 /* WrldWidgets */ = {
			isa = PBXNativeTarget;
			buildConfigurationList = 2CB2C5431EC1D76400C0B401 /* Build configuration list for PBXNativeTarget "WrldWidgets" */;
			buildPhases = (
				2CB2C5391EC1D76400C0B401 /* Sources */,
				2CB2C53A1EC1D76400C0B401 /* Frameworks */,
				2CB2C53B1EC1D76400C0B401 /* Headers */,
				2CB2C53C1EC1D76400C0B401 /* Resources */,
			);
			buildRules = (
			);
			dependencies = (
			);
			name = WrldWidgets;
			productName = WrldWidgets;
			productReference = 2CB2C53E1EC1D76400C0B401 /* WrldWidgets.framework */;
			productType = "com.apple.product-type.framework";
		};
		E0310FFB1EB0E08B00002E88 /* WrldSdk */ = {
			isa = PBXNativeTarget;
			buildConfigurationList = E03110071EB0E08B00002E88 /* Build configuration list for PBXNativeTarget "WrldSdk" */;
			buildPhases = (
				B9C743DAE1EC313416817F32 /* [CP] Check Pods Manifest.lock */,
				523455B51EC2183000535AC1 /* ShellScript */,
				E0310FF71EB0E08B00002E88 /* Sources */,
				E0310FF81EB0E08B00002E88 /* Frameworks */,
				E0310FF91EB0E08B00002E88 /* Headers */,
				E0310FFA1EB0E08B00002E88 /* Resources */,
				9FA608DC0E00AC11FE14EFD5 /* [CP] Copy Pods Resources */,
			);
			buildRules = (
			);
			dependencies = (
			);
			name = WrldSdk;
			productName = WrldSdk;
			productReference = E0310FFC1EB0E08B00002E88 /* Wrld.framework */;
			productType = "com.apple.product-type.framework";
		};
		E0601E491EAFBF510050EB45 /* DevApp */ = {
			isa = PBXNativeTarget;
			buildConfigurationList = E0601E611EAFBF510050EB45 /* Build configuration list for PBXNativeTarget "DevApp" */;
			buildPhases = (
				E0601E461EAFBF510050EB45 /* Sources */,
				E0601E471EAFBF510050EB45 /* Frameworks */,
				E0601E481EAFBF510050EB45 /* Resources */,
				E03110081EB0E08B00002E88 /* Embed Frameworks */,
			);
			buildRules = (
			);
			dependencies = (
				E03110021EB0E08B00002E88 /* PBXTargetDependency */,
				2C27ECF21EC1DEF900A9E677 /* PBXTargetDependency */,
			);
			name = DevApp;
			productName = DevApp;
			productReference = E0601E4A1EAFBF510050EB45 /* DevApp.app */;
			productType = "com.apple.product-type.application";
		};
/* End PBXNativeTarget section */

/* Begin PBXProject section */
		E0601E421EAFBF510050EB45 /* Project object */ = {
			isa = PBXProject;
			attributes = {
				LastUpgradeCheck = 0830;
				ORGANIZATIONNAME = eeGeo;
				TargetAttributes = {
					2CB2C53D1EC1D76400C0B401 = {
						CreatedOnToolsVersion = 8.3.2;
						DevelopmentTeam = QBCVJ28BRW;
						ProvisioningStyle = Automatic;
					};
					E0310FFB1EB0E08B00002E88 = {
						CreatedOnToolsVersion = 8.3;
						DevelopmentTeam = QBCVJ28BRW;
						ProvisioningStyle = Automatic;
					};
					E0601E491EAFBF510050EB45 = {
						CreatedOnToolsVersion = 8.3;
						DevelopmentTeam = QBCVJ28BRW;
						ProvisioningStyle = Automatic;
					};
				};
			};
			buildConfigurationList = E0601E451EAFBF510050EB45 /* Build configuration list for PBXProject "ios-sdk" */;
			compatibilityVersion = "Xcode 3.2";
			developmentRegion = English;
			hasScannedForEncodings = 0;
			knownRegions = (
				en,
				Base,
			);
			mainGroup = E0601E411EAFBF510050EB45;
			productRefGroup = E0601E4B1EAFBF510050EB45 /* Products */;
			projectDirPath = "";
			projectRoot = "";
			targets = (
				E0601E491EAFBF510050EB45 /* DevApp */,
				E0310FFB1EB0E08B00002E88 /* WrldSdk */,
				2CB2C53D1EC1D76400C0B401 /* WrldWidgets */,
			);
		};
/* End PBXProject section */

/* Begin PBXResourcesBuildPhase section */
		2CB2C53C1EC1D76400C0B401 /* Resources */ = {
			isa = PBXResourcesBuildPhase;
			buildActionMask = 2147483647;
			files = (
				2CB2C5E01EC1D95500C0B401 /* images in Resources */,
			);
			runOnlyForDeploymentPostprocessing = 0;
		};
		E0310FFA1EB0E08B00002E88 /* Resources */ = {
			isa = PBXResourcesBuildPhase;
			buildActionMask = 2147483647;
			files = (
				E0F4E1461EB339EA00949ACE /* placeholder_cube_posZ.png in Resources */,
				E0F4E1391EB339EA00949ACE /* label_style_sheet.json in Resources */,
				E0F4E0FF1EB339EA00949ACE /* embedded_manifest.bin in Resources */,
				E0F4E1441EB339EA00949ACE /* placeholder_cube_posX.png in Resources */,
				E0F4E1371EB339EA00949ACE /* label_category_icon_map.json in Resources */,
				E0F4E17F1EB3480800949ACE /* modulemap in Resources */,
				E0F4E13C1EB339EA00949ACE /* pin_sheet.json in Resources */,
				E0F4E1381EB339EA00949ACE /* label_category_mapping.json in Resources */,
				E0F4E1451EB339EA00949ACE /* placeholder_cube_posY.png in Resources */,
				E0F4E1481EB339FB00949ACE /* EmbeddedTheme in Resources */,
				E0F4E13D1EB339EA00949ACE /* pin_sheet_0.png in Resources */,
				E0F4E13B1EB339EA00949ACE /* opensans_semibold_sdf_0.png in Resources */,
				E0F4E13F1EB339EA00949ACE /* pin_sheet_0@3x.png in Resources */,
				E0F4E1421EB339EA00949ACE /* placeholder_cube_negY.png in Resources */,
				E0F4E13A1EB339EA00949ACE /* opensans_semibold_sdf.fnt in Resources */,
				E0F4E13E1EB339EA00949ACE /* pin_sheet_0@2x.png in Resources */,
				E0F4E1411EB339EA00949ACE /* placeholder_cube_negX.png in Resources */,
				E0F4E1401EB339EA00949ACE /* placeholder.pvr in Resources */,
				E0F4E1431EB339EA00949ACE /* placeholder_cube_negZ.png in Resources */,
			);
			runOnlyForDeploymentPostprocessing = 0;
		};
		E0601E481EAFBF510050EB45 /* Resources */ = {
			isa = PBXResourcesBuildPhase;
			buildActionMask = 2147483647;
			files = (
				526F9AD11EC4B93B006F49C4 /* Main.storyboard in Resources */,
				526F9ACB1EC4B92A006F49C4 /* Assets.xcassets in Resources */,
			);
			runOnlyForDeploymentPostprocessing = 0;
		};
/* End PBXResourcesBuildPhase section */

/* Begin PBXShellScriptBuildPhase section */
		523455B51EC2183000535AC1 /* ShellScript */ = {
			isa = PBXShellScriptBuildPhase;
			buildActionMask = 2147483647;
			files = (
			);
			inputPaths = (
			);
			outputPaths = (
			);
			runOnlyForDeploymentPostprocessing = 0;
			shellPath = /bin/sh;
			shellScript = "./scripts/remove_symbol_from_library.sh libapps-on-maps-cpp11 Pods/wrld_cpp_sdk AppDelegate\n./scripts/remove_symbol_from_library.sh libapps-on-maps-cpp11-sim Pods/wrld_cpp_sdk AppDelegate";
		};
		9FA608DC0E00AC11FE14EFD5 /* [CP] Copy Pods Resources */ = {
			isa = PBXShellScriptBuildPhase;
			buildActionMask = 2147483647;
			files = (
			);
			inputPaths = (
			);
			name = "[CP] Copy Pods Resources";
			outputPaths = (
			);
			runOnlyForDeploymentPostprocessing = 0;
			shellPath = /bin/sh;
			shellScript = "\"${SRCROOT}/Pods/Target Support Files/Pods-WrldSdk/Pods-WrldSdk-resources.sh\"\n";
			showEnvVarsInLog = 0;
		};
		B9C743DAE1EC313416817F32 /* [CP] Check Pods Manifest.lock */ = {
			isa = PBXShellScriptBuildPhase;
			buildActionMask = 2147483647;
			files = (
			);
			inputPaths = (
			);
			name = "[CP] Check Pods Manifest.lock";
			outputPaths = (
			);
			runOnlyForDeploymentPostprocessing = 0;
			shellPath = /bin/sh;
			shellScript = "diff \"${PODS_PODFILE_DIR_PATH}/Podfile.lock\" \"${PODS_ROOT}/Manifest.lock\" > /dev/null\nif [ $? != 0 ] ; then\n    # print error to STDERR\n    echo \"error: The sandbox is not in sync with the Podfile.lock. Run 'pod install' or update your CocoaPods installation.\" >&2\n    exit 1\nfi\n";
			showEnvVarsInLog = 0;
		};
/* End PBXShellScriptBuildPhase section */

/* Begin PBXSourcesBuildPhase section */
		2CB2C5391EC1D76400C0B401 /* Sources */ = {
			isa = PBXSourcesBuildPhase;
			buildActionMask = 2147483647;
			files = (
				2CB2C5AC1EC1D93F00C0B401 /* IndoorControl.mm in Sources */,
				2CB2C5B91EC1D93F00C0B401 /* WRLDIndoorControlView.m in Sources */,
				2CB2C5B31EC1D93F00C0B401 /* UIColors.mm in Sources */,
				2CB2C5B11EC1D93F00C0B401 /* UIButton+DefaultStates.mm in Sources */,
				2CB2C5AA1EC1D93F00C0B401 /* ImmediatePanGestureRecognizer.mm in Sources */,
				2CB2C5B71EC1D93F00C0B401 /* UIView+TouchExclusivity.m in Sources */,
				2CB2C5A81EC1D93F00C0B401 /* ImageHelpers.mm in Sources */,
				2CB2C5AF1EC1D93F00C0B401 /* InteriorsExplorerFloorItemView.mm in Sources */,
				2CB2C5B51EC1D93F00C0B401 /* UIHelpers.mm in Sources */,
			);
			runOnlyForDeploymentPostprocessing = 0;
		};
		E0310FF71EB0E08B00002E88 /* Sources */ = {
			isa = PBXSourcesBuildPhase;
			buildActionMask = 2147483647;
			files = (
				521807AD1EB8F9D90070ACDD /* WRLDMapCamera.mm in Sources */,
				521807B11EB9E30D0070ACDD /* WRLDCoordinateBounds.m in Sources */,
				D0AAB65B1EBB8E8000384605 /* WRLDMarker.mm in Sources */,
				E0F4E1721EB347FB00949ACE /* WRLDApi.m in Sources */,
				E0F4E1751EB347FB00949ACE /* WRLDGestureDelegate.mm in Sources */,
				2CFE0A5F1EC0A3F4006D51E6 /* WRLDIndoorMap.m in Sources */,
				E0F4E1761EB347FB00949ACE /* WRLDMapView.mm in Sources */,
				E0A48C001EBB32B900DD387F /* WRLDNativeMapView.mm in Sources */,
			);
			runOnlyForDeploymentPostprocessing = 0;
		};
		E0601E461EAFBF510050EB45 /* Sources */ = {
			isa = PBXSourcesBuildPhase;
			buildActionMask = 2147483647;
			files = (
				526F9ACE1EC4B92A006F49C4 /* ViewController.m in Sources */,
				2C32D20B1EBB42AD00FC1B12 /* DebugIndoorControl.m in Sources */,
				526F9AC91EC4B92A006F49C4 /* AppDelegate.m in Sources */,
				526F9ACA1EC4B92A006F49C4 /* AppMapViewDelegate.m in Sources */,
				526F9ACD1EC4B92A006F49C4 /* main.m in Sources */,
			);
			runOnlyForDeploymentPostprocessing = 0;
		};
/* End PBXSourcesBuildPhase section */

/* Begin PBXTargetDependency section */
		2C27ECF21EC1DEF900A9E677 /* PBXTargetDependency */ = {
			isa = PBXTargetDependency;
			target = 2CB2C53D1EC1D76400C0B401 /* WrldWidgets */;
			targetProxy = 2C27ECF11EC1DEF900A9E677 /* PBXContainerItemProxy */;
		};
		E03110021EB0E08B00002E88 /* PBXTargetDependency */ = {
			isa = PBXTargetDependency;
			target = E0310FFB1EB0E08B00002E88 /* WrldSdk */;
			targetProxy = E03110011EB0E08B00002E88 /* PBXContainerItemProxy */;
		};
/* End PBXTargetDependency section */

/* Begin PBXVariantGroup section */
		526F9ACF1EC4B93B006F49C4 /* Main.storyboard */ = {
			isa = PBXVariantGroup;
			children = (
				526F9AD01EC4B93B006F49C4 /* Base */,
			);
			name = Main.storyboard;
			sourceTree = "<group>";
		};
/* End PBXVariantGroup section */

/* Begin XCBuildConfiguration section */
		2CB2C5441EC1D76400C0B401 /* Debug */ = {
			isa = XCBuildConfiguration;
			buildSettings = {
				CODE_SIGN_IDENTITY = "";
				"CODE_SIGN_IDENTITY[sdk=iphoneos*]" = "iPhone Developer";
				CURRENT_PROJECT_VERSION = 1;
				DEFINES_MODULE = YES;
				DEVELOPMENT_TEAM = QBCVJ28BRW;
				DYLIB_COMPATIBILITY_VERSION = 1;
				DYLIB_CURRENT_VERSION = 1;
				DYLIB_INSTALL_NAME_BASE = "@rpath";
				ENABLE_BITCODE = NO;
				HEADER_SEARCH_PATHS = "";
				INFOPLIST_FILE = WrldWidgets/Info.plist;
				INSTALL_PATH = "$(LOCAL_LIBRARY_DIR)/Frameworks";
				IPHONEOS_DEPLOYMENT_TARGET = 8.0;
				LD_RUNPATH_SEARCH_PATHS = "$(inherited) @executable_path/Frameworks @loader_path/Frameworks";
				PRODUCT_BUNDLE_IDENTIFIER = com.wrld.sdk.ios.widgets;
				PRODUCT_NAME = "$(TARGET_NAME)";
				SKIP_INSTALL = YES;
				VERSIONING_SYSTEM = "apple-generic";
				VERSION_INFO_PREFIX = "";
			};
			name = Debug;
		};
		2CB2C5451EC1D76400C0B401 /* Release */ = {
			isa = XCBuildConfiguration;
			buildSettings = {
				CODE_SIGN_IDENTITY = "";
				"CODE_SIGN_IDENTITY[sdk=iphoneos*]" = "iPhone Developer";
				CURRENT_PROJECT_VERSION = 1;
				DEFINES_MODULE = YES;
				DEVELOPMENT_TEAM = QBCVJ28BRW;
				DYLIB_COMPATIBILITY_VERSION = 1;
				DYLIB_CURRENT_VERSION = 1;
				DYLIB_INSTALL_NAME_BASE = "@rpath";
				ENABLE_BITCODE = NO;
				HEADER_SEARCH_PATHS = "";
				INFOPLIST_FILE = WrldWidgets/Info.plist;
				INSTALL_PATH = "$(LOCAL_LIBRARY_DIR)/Frameworks";
				IPHONEOS_DEPLOYMENT_TARGET = 8.0;
				LD_RUNPATH_SEARCH_PATHS = "$(inherited) @executable_path/Frameworks @loader_path/Frameworks";
				PRODUCT_BUNDLE_IDENTIFIER = com.wrld.sdk.ios.widgets;
				PRODUCT_NAME = "$(TARGET_NAME)";
				SKIP_INSTALL = YES;
				VERSIONING_SYSTEM = "apple-generic";
				VERSION_INFO_PREFIX = "";
			};
			name = Release;
		};
		E03110051EB0E08B00002E88 /* Debug */ = {
			isa = XCBuildConfiguration;
			baseConfigurationReference = 3D2236C4A4CFE03870348C69 /* Pods-WrldSdk.debug.xcconfig */;
			buildSettings = {
				CLANG_WARN_DOCUMENTATION_COMMENTS = NO;
				CODE_SIGN_IDENTITY = "";
				"CODE_SIGN_IDENTITY[sdk=iphoneos*]" = "iPhone Developer";
				CURRENT_PROJECT_VERSION = 1;
				DEFINES_MODULE = YES;
				DEVELOPMENT_TEAM = QBCVJ28BRW;
				DYLIB_COMPATIBILITY_VERSION = 1;
				DYLIB_CURRENT_VERSION = 1;
				DYLIB_INSTALL_NAME_BASE = "@rpath";
				ENABLE_BITCODE = NO;
				INFOPLIST_FILE = framework/Info.plist;
				INSTALL_PATH = "$(LOCAL_LIBRARY_DIR)/Frameworks";
				IPHONEOS_DEPLOYMENT_TARGET = 8.0;
				LD_RUNPATH_SEARCH_PATHS = "$(inherited) @executable_path/Frameworks @loader_path/Frameworks";
				PRODUCT_BUNDLE_IDENTIFIER = com.wrld.sdk.ios;
				PRODUCT_NAME = Wrld;
				SKIP_INSTALL = YES;
				VERSIONING_SYSTEM = "apple-generic";
				VERSION_INFO_PREFIX = "";
			};
			name = Debug;
		};
		E03110061EB0E08B00002E88 /* Release */ = {
			isa = XCBuildConfiguration;
			baseConfigurationReference = 76275E8E6F31FFA3AC50AD07 /* Pods-WrldSdk.release.xcconfig */;
			buildSettings = {
				CLANG_WARN_DOCUMENTATION_COMMENTS = NO;
				CODE_SIGN_IDENTITY = "";
				"CODE_SIGN_IDENTITY[sdk=iphoneos*]" = "iPhone Developer";
				CURRENT_PROJECT_VERSION = 1;
				DEFINES_MODULE = YES;
				DEVELOPMENT_TEAM = QBCVJ28BRW;
				DYLIB_COMPATIBILITY_VERSION = 1;
				DYLIB_CURRENT_VERSION = 1;
				DYLIB_INSTALL_NAME_BASE = "@rpath";
				ENABLE_BITCODE = NO;
				INFOPLIST_FILE = framework/Info.plist;
				INSTALL_PATH = "$(LOCAL_LIBRARY_DIR)/Frameworks";
				IPHONEOS_DEPLOYMENT_TARGET = 8.0;
				LD_RUNPATH_SEARCH_PATHS = "$(inherited) @executable_path/Frameworks @loader_path/Frameworks";
				PRODUCT_BUNDLE_IDENTIFIER = com.wrld.sdk.ios;
				PRODUCT_NAME = Wrld;
				SKIP_INSTALL = YES;
				VERSIONING_SYSTEM = "apple-generic";
				VERSION_INFO_PREFIX = "";
			};
			name = Release;
		};
		E0601E5F1EAFBF510050EB45 /* Debug */ = {
			isa = XCBuildConfiguration;
			buildSettings = {
				ALWAYS_SEARCH_USER_PATHS = NO;
				CLANG_ANALYZER_NONNULL = YES;
				CLANG_ANALYZER_NUMBER_OBJECT_CONVERSION = YES_AGGRESSIVE;
				CLANG_CXX_LANGUAGE_STANDARD = "gnu++0x";
				CLANG_CXX_LIBRARY = "libc++";
				CLANG_ENABLE_MODULES = YES;
				CLANG_ENABLE_OBJC_ARC = YES;
				CLANG_WARN_BOOL_CONVERSION = YES;
				CLANG_WARN_CONSTANT_CONVERSION = YES;
				CLANG_WARN_DIRECT_OBJC_ISA_USAGE = YES_ERROR;
				CLANG_WARN_DOCUMENTATION_COMMENTS = YES;
				CLANG_WARN_EMPTY_BODY = YES;
				CLANG_WARN_ENUM_CONVERSION = YES;
				CLANG_WARN_INFINITE_RECURSION = YES;
				CLANG_WARN_INT_CONVERSION = YES;
				CLANG_WARN_OBJC_ROOT_CLASS = YES_ERROR;
				CLANG_WARN_SUSPICIOUS_MOVE = YES;
				CLANG_WARN_UNREACHABLE_CODE = YES;
				CLANG_WARN__DUPLICATE_METHOD_MATCH = YES;
				"CODE_SIGN_IDENTITY[sdk=iphoneos*]" = "iPhone Developer";
				COPY_PHASE_STRIP = NO;
				DEBUG_INFORMATION_FORMAT = dwarf;
				ENABLE_STRICT_OBJC_MSGSEND = YES;
				ENABLE_TESTABILITY = YES;
				GCC_C_LANGUAGE_STANDARD = gnu99;
				GCC_DYNAMIC_NO_PIC = NO;
				GCC_NO_COMMON_BLOCKS = YES;
				GCC_OPTIMIZATION_LEVEL = 0;
				GCC_PREPROCESSOR_DEFINITIONS = (
					"DEBUG=1",
					"$(inherited)",
				);
				GCC_WARN_64_TO_32_BIT_CONVERSION = YES;
				GCC_WARN_ABOUT_RETURN_TYPE = YES_ERROR;
				GCC_WARN_UNDECLARED_SELECTOR = YES;
				GCC_WARN_UNINITIALIZED_AUTOS = YES_AGGRESSIVE;
				GCC_WARN_UNUSED_FUNCTION = YES;
				GCC_WARN_UNUSED_VARIABLE = YES;
				IPHONEOS_DEPLOYMENT_TARGET = 8.0;
				MTL_ENABLE_DEBUG_INFO = YES;
				ONLY_ACTIVE_ARCH = YES;
				SDKROOT = iphoneos;
				TARGETED_DEVICE_FAMILY = "1,2";
			};
			name = Debug;
		};
		E0601E601EAFBF510050EB45 /* Release */ = {
			isa = XCBuildConfiguration;
			buildSettings = {
				ALWAYS_SEARCH_USER_PATHS = NO;
				CLANG_ANALYZER_NONNULL = YES;
				CLANG_ANALYZER_NUMBER_OBJECT_CONVERSION = YES_AGGRESSIVE;
				CLANG_CXX_LANGUAGE_STANDARD = "gnu++0x";
				CLANG_CXX_LIBRARY = "libc++";
				CLANG_ENABLE_MODULES = YES;
				CLANG_ENABLE_OBJC_ARC = YES;
				CLANG_WARN_BOOL_CONVERSION = YES;
				CLANG_WARN_CONSTANT_CONVERSION = YES;
				CLANG_WARN_DIRECT_OBJC_ISA_USAGE = YES_ERROR;
				CLANG_WARN_DOCUMENTATION_COMMENTS = YES;
				CLANG_WARN_EMPTY_BODY = YES;
				CLANG_WARN_ENUM_CONVERSION = YES;
				CLANG_WARN_INFINITE_RECURSION = YES;
				CLANG_WARN_INT_CONVERSION = YES;
				CLANG_WARN_OBJC_ROOT_CLASS = YES_ERROR;
				CLANG_WARN_SUSPICIOUS_MOVE = YES;
				CLANG_WARN_UNREACHABLE_CODE = YES;
				CLANG_WARN__DUPLICATE_METHOD_MATCH = YES;
				"CODE_SIGN_IDENTITY[sdk=iphoneos*]" = "iPhone Developer";
				COPY_PHASE_STRIP = NO;
				DEBUG_INFORMATION_FORMAT = "dwarf-with-dsym";
				ENABLE_NS_ASSERTIONS = NO;
				ENABLE_STRICT_OBJC_MSGSEND = YES;
				GCC_C_LANGUAGE_STANDARD = gnu99;
				GCC_NO_COMMON_BLOCKS = YES;
				GCC_WARN_64_TO_32_BIT_CONVERSION = YES;
				GCC_WARN_ABOUT_RETURN_TYPE = YES_ERROR;
				GCC_WARN_UNDECLARED_SELECTOR = YES;
				GCC_WARN_UNINITIALIZED_AUTOS = YES_AGGRESSIVE;
				GCC_WARN_UNUSED_FUNCTION = YES;
				GCC_WARN_UNUSED_VARIABLE = YES;
				IPHONEOS_DEPLOYMENT_TARGET = 8.0;
				MTL_ENABLE_DEBUG_INFO = NO;
				SDKROOT = iphoneos;
				TARGETED_DEVICE_FAMILY = "1,2";
				VALIDATE_PRODUCT = YES;
			};
			name = Release;
		};
		E0601E621EAFBF510050EB45 /* Debug */ = {
			isa = XCBuildConfiguration;
			buildSettings = {
				ASSETCATALOG_COMPILER_APPICON_NAME = AppIcon;
				DEVELOPMENT_TEAM = QBCVJ28BRW;
				ENABLE_BITCODE = NO;
				INFOPLIST_FILE = "$(SRCROOT)/DevApp/Info.plist";
				IPHONEOS_DEPLOYMENT_TARGET = 8.0;
				LD_RUNPATH_SEARCH_PATHS = "$(inherited) @executable_path/Frameworks";
				OTHER_CFLAGS = "$(inherited)";
				OTHER_LDFLAGS = "$(inherited)";
				PRODUCT_BUNDLE_IDENTIFIER = "com.wrld.dev-app";
				PRODUCT_NAME = "$(TARGET_NAME)";
				TARGETED_DEVICE_FAMILY = "1,2";
			};
			name = Debug;
		};
		E0601E631EAFBF510050EB45 /* Release */ = {
			isa = XCBuildConfiguration;
			buildSettings = {
				ASSETCATALOG_COMPILER_APPICON_NAME = AppIcon;
				DEVELOPMENT_TEAM = QBCVJ28BRW;
				ENABLE_BITCODE = NO;
				INFOPLIST_FILE = "$(SRCROOT)/DevApp/Info.plist";
				IPHONEOS_DEPLOYMENT_TARGET = 8.0;
				LD_RUNPATH_SEARCH_PATHS = "$(inherited) @executable_path/Frameworks";
				OTHER_CFLAGS = "$(inherited)";
				OTHER_LDFLAGS = "$(inherited)";
				PRODUCT_BUNDLE_IDENTIFIER = "com.wrld.dev-app";
				PRODUCT_NAME = "$(TARGET_NAME)";
				TARGETED_DEVICE_FAMILY = "1,2";
			};
			name = Release;
		};
/* End XCBuildConfiguration section */

/* Begin XCConfigurationList section */
		2CB2C5431EC1D76400C0B401 /* Build configuration list for PBXNativeTarget "WrldWidgets" */ = {
			isa = XCConfigurationList;
			buildConfigurations = (
				2CB2C5441EC1D76400C0B401 /* Debug */,
				2CB2C5451EC1D76400C0B401 /* Release */,
			);
			defaultConfigurationIsVisible = 0;
			defaultConfigurationName = Release;
		};
		E03110071EB0E08B00002E88 /* Build configuration list for PBXNativeTarget "WrldSdk" */ = {
			isa = XCConfigurationList;
			buildConfigurations = (
				E03110051EB0E08B00002E88 /* Debug */,
				E03110061EB0E08B00002E88 /* Release */,
			);
			defaultConfigurationIsVisible = 0;
			defaultConfigurationName = Release;
		};
		E0601E451EAFBF510050EB45 /* Build configuration list for PBXProject "ios-sdk" */ = {
			isa = XCConfigurationList;
			buildConfigurations = (
				E0601E5F1EAFBF510050EB45 /* Debug */,
				E0601E601EAFBF510050EB45 /* Release */,
			);
			defaultConfigurationIsVisible = 0;
			defaultConfigurationName = Release;
		};
		E0601E611EAFBF510050EB45 /* Build configuration list for PBXNativeTarget "DevApp" */ = {
			isa = XCConfigurationList;
			buildConfigurations = (
				E0601E621EAFBF510050EB45 /* Debug */,
				E0601E631EAFBF510050EB45 /* Release */,
			);
			defaultConfigurationIsVisible = 0;
			defaultConfigurationName = Release;
		};
/* End XCConfigurationList section */
	};
	rootObject = E0601E421EAFBF510050EB45 /* Project object */;
}
